
Microsoft Visual Studio Solution File, Format Version 12.00
# Visual Studio 15
VisualStudioVersion = 15.0.26430.13
MinimumVisualStudioVersion = 10.0.40219.1
Project("{FAE04EC0-301F-11D3-BF4B-00C04F79EFBC}") = "PowerNotifierSvc", "PowerNotifierSvc\PowerNotifierSvc.csproj", "{C247111A-5FD5-419C-95D5-4581B9A73615}"
EndProject
Project("{54435603-DBB4-11D2-8724-00A0C9A8B90C}") = "Setup", "Setup\Setup.vdproj", "{6EC0CCFB-656A-4AEA-9139-3B0FAEF15D41}"
EndProject
Global
	GlobalSection(SolutionConfigurationPlatforms) = preSolution
		Debug|Any CPU = Debug|Any CPU
		Release|Any CPU = Release|Any CPU
	EndGlobalSection
	GlobalSection(ProjectConfigurationPlatforms) = postSolution
		{C247111A-5FD5-419C-95D5-4581B9A73615}.Debug|Any CPU.ActiveCfg = Debug|Any CPU
		{C247111A-5FD5-419C-95D5-4581B9A73615}.Debug|Any CPU.Build.0 = Debug|Any CPU
		{C247111A-5FD5-419C-95D5-4581B9A73615}.Release|Any CPU.ActiveCfg = Release|Any CPU
		{C247111A-5FD5-419C-95D5-4581B9A73615}.Release|Any CPU.Build.0 = Release|Any CPU
		{6EC0CCFB-656A-4AEA-9139-3B0FAEF15D41}.Debug|Any CPU.ActiveCfg = Debug
		{6EC0CCFB-656A-4AEA-9139-3B0FAEF15D41}.Debug|Any CPU.Build.0 = Debug
		{6EC0CCFB-656A-4AEA-9139-3B0FAEF15D41}.Release|Any CPU.ActiveCfg = Release
		{6EC0CCFB-656A-4AEA-9139-3B0FAEF15D41}.Release|Any CPU.Build.0 = Release
	EndGlobalSection
	GlobalSection(SolutionProperties) = preSolution
		HideSolutionNode = FALSE
	EndGlobalSection
EndGlobal
